
Microsoft Visual Studio Solution File, Format Version 12.00
# Visual Studio Version 17
VisualStudioVersion = 17.6.33712.159
MinimumVisualStudioVersion = 10.0.40219.1
Project("{9A19103F-16F7-4668-BE54-9A1E7A4F7556}") = "data-structures-and-algorithms", "data-structures-and-algorithms\data-structures-and-algorithms.csproj", "{AC63798D-16D2-4675-87BF-5EDA43876E75}"
EndProject
Project("{9A19103F-16F7-4668-BE54-9A1E7A4F7556}") = "Stacks", "Stacks\Stacks.csproj", "{717B37ED-1315-4E48-914A-2D6E47BE5DDD}"
EndProject
Project("{9A19103F-16F7-4668-BE54-9A1E7A4F7556}") = "Queues", "Queues\Queues.csproj", "{77C2139D-CED7-4309-B4B3-421CE0381EB0}"
EndProject
Project("{FAE04EC0-301F-11D3-BF4B-00C04F79EFBC}") = "LinkedList", "LinkedList\LinkedList.csproj", "{D8DB9932-BE09-4179-BA6B-2FD223DBF5C7}"
EndProject
Global
	GlobalSection(SolutionConfigurationPlatforms) = preSolution
		Debug|Any CPU = Debug|Any CPU
		Release|Any CPU = Release|Any CPU
	EndGlobalSection
	GlobalSection(ProjectConfigurationPlatforms) = postSolution
		{AC63798D-16D2-4675-87BF-5EDA43876E75}.Debug|Any CPU.ActiveCfg = Debug|Any CPU
		{AC63798D-16D2-4675-87BF-5EDA43876E75}.Debug|Any CPU.Build.0 = Debug|Any CPU
		{AC63798D-16D2-4675-87BF-5EDA43876E75}.Release|Any CPU.ActiveCfg = Release|Any CPU
		{AC63798D-16D2-4675-87BF-5EDA43876E75}.Release|Any CPU.Build.0 = Release|Any CPU
		{717B37ED-1315-4E48-914A-2D6E47BE5DDD}.Debug|Any CPU.ActiveCfg = Debug|Any CPU
		{717B37ED-1315-4E48-914A-2D6E47BE5DDD}.Debug|Any CPU.Build.0 = Debug|Any CPU
		{717B37ED-1315-4E48-914A-2D6E47BE5DDD}.Release|Any CPU.ActiveCfg = Release|Any CPU
		{717B37ED-1315-4E48-914A-2D6E47BE5DDD}.Release|Any CPU.Build.0 = Release|Any CPU
		{77C2139D-CED7-4309-B4B3-421CE0381EB0}.Debug|Any CPU.ActiveCfg = Debug|Any CPU
		{77C2139D-CED7-4309-B4B3-421CE0381EB0}.Debug|Any CPU.Build.0 = Debug|Any CPU
		{77C2139D-CED7-4309-B4B3-421CE0381EB0}.Release|Any CPU.ActiveCfg = Release|Any CPU
		{77C2139D-CED7-4309-B4B3-421CE0381EB0}.Release|Any CPU.Build.0 = Release|Any CPU
		{D8DB9932-BE09-4179-BA6B-2FD223DBF5C7}.Debug|Any CPU.ActiveCfg = Debug|Any CPU
		{D8DB9932-BE09-4179-BA6B-2FD223DBF5C7}.Debug|Any CPU.Build.0 = Debug|Any CPU
		{D8DB9932-BE09-4179-BA6B-2FD223DBF5C7}.Release|Any CPU.ActiveCfg = Release|Any CPU
		{D8DB9932-BE09-4179-BA6B-2FD223DBF5C7}.Release|Any CPU.Build.0 = Release|Any CPU
	EndGlobalSection
	GlobalSection(SolutionProperties) = preSolution
		HideSolutionNode = FALSE
	EndGlobalSection
	GlobalSection(ExtensibilityGlobals) = postSolution
		SolutionGuid = {48C17032-A02D-4530-BB9F-17EC4325AD1C}
	EndGlobalSection
EndGlobal
